
Microsoft Visual Studio Solution File, Format Version 12.00
# Visual Studio 2013
VisualStudioVersion = 12.0.30723.0
MinimumVisualStudioVersion = 10.0.40219.1
Project("{FAE04EC0-301F-11D3-BF4B-00C04F79EFBC}") = "GetFinanceReports", "GetFinanceReports\GetFinanceReports.csproj", "{696164B2-F36C-4132-A5E3-0A7A9AEA9295}"
EndProject
Project("{FAE04EC0-301F-11D3-BF4B-00C04F79EFBC}") = "ParseReports", "ReportParser\ParseReports.csproj", "{6C8AE0DF-DE94-42D6-8B7B-25508FB615AC}"
EndProject
Project("{FAE04EC0-301F-11D3-BF4B-00C04F79EFBC}") = "StockAnalysisShare", "StockAnalysisShare\StockAnalysisShare.csproj", "{46EEBD03-E7D2-4958-A782-D22435CBC2BB}"
EndProject
Project("{FAE04EC0-301F-11D3-BF4B-00C04F79EFBC}") = "CalcMarketValue", "CalcMarketValue\CalcMarketValue.csproj", "{3E0EACF7-0D8A-40AC-8282-CC9AF2AF1E92}"
EndProject
Project("{FAE04EC0-301F-11D3-BF4B-00C04F79EFBC}") = "ImportTable", "ImportTable\ImportTable.csproj", "{446E9E39-1C3B-4E56-AC30-22574BB0042C}"
EndProject
Project("{FAE04EC0-301F-11D3-BF4B-00C04F79EFBC}") = "CleanCsv", "CleanCsv\CleanCsv.csproj", "{EDE07810-0A94-42F5-8F43-94A3AE788AB8}"
EndProject
Project("{FAE04EC0-301F-11D3-BF4B-00C04F79EFBC}") = "ProcessDailyStockData", "ProcessDailyStockData\ProcessDailyStockData.csproj", "{14C6B693-BD37-458D-8A26-42BF58A395F8}"
EndProject
Project("{FAE04EC0-301F-11D3-BF4B-00C04F79EFBC}") = "GenerateMetrics", "GenerateMetrics\GenerateMetrics.csproj", "{38DCA971-B781-4DB6-9E36-9F016A1BED45}"
EndProject
Project("{FAE04EC0-301F-11D3-BF4B-00C04F79EFBC}") = "MetricsDefinition", "MetricsDefinition\MetricsDefinition.csproj", "{F91A0391-93C9-4542-BAFC-DBC694CA5FB5}"
EndProject
Project("{FAE04EC0-301F-11D3-BF4B-00C04F79EFBC}") = "SelectStocksBasedOnMetrics", "SelectStocksBasedOnMetrics\SelectStocksBasedOnMetrics.csproj", "{BA5E8BA4-6BE7-425F-A811-8B588B178CBA}"
EndProject
Project("{FAE04EC0-301F-11D3-BF4B-00C04F79EFBC}") = "MetricsDefinitionTest", "MetricsDefinitionTest\MetricsDefinitionTest.csproj", "{CBF24DFE-FE8F-49B0-908B-EE5E2C21DC7C}"
EndProject
Project("{FAE04EC0-301F-11D3-BF4B-00C04F79EFBC}") = "TradingStrategy", "TradingStrategy\TradingStrategy.csproj", "{A02B6B9C-D37A-4C58-8F3D-79FC8749219A}"
EndProject
Project("{FAE04EC0-301F-11D3-BF4B-00C04F79EFBC}") = "EvaluatorClient", "EvaluatorClient\EvaluatorClient.csproj", "{47C70E18-0485-4D0E-9074-1D3C78E543CD}"
EndProject
Project("{FAE04EC0-301F-11D3-BF4B-00C04F79EFBC}") = "TradingStrategyEvaluation", "TradingStrategeEvaluation\TradingStrategyEvaluation.csproj", "{1AD439B8-C393-45CD-A68A-EF6153138E03}"
EndProject
Global
	GlobalSection(SolutionConfigurationPlatforms) = preSolution
		Debug|Any CPU = Debug|Any CPU
		Release|Any CPU = Release|Any CPU
	EndGlobalSection
	GlobalSection(ProjectConfigurationPlatforms) = postSolution
		{696164B2-F36C-4132-A5E3-0A7A9AEA9295}.Debug|Any CPU.ActiveCfg = Debug|Any CPU
		{696164B2-F36C-4132-A5E3-0A7A9AEA9295}.Debug|Any CPU.Build.0 = Debug|Any CPU
		{696164B2-F36C-4132-A5E3-0A7A9AEA9295}.Release|Any CPU.ActiveCfg = Release|Any CPU
		{696164B2-F36C-4132-A5E3-0A7A9AEA9295}.Release|Any CPU.Build.0 = Release|Any CPU
		{6C8AE0DF-DE94-42D6-8B7B-25508FB615AC}.Debug|Any CPU.ActiveCfg = Debug|Any CPU
		{6C8AE0DF-DE94-42D6-8B7B-25508FB615AC}.Debug|Any CPU.Build.0 = Debug|Any CPU
		{6C8AE0DF-DE94-42D6-8B7B-25508FB615AC}.Release|Any CPU.ActiveCfg = Release|Any CPU
		{6C8AE0DF-DE94-42D6-8B7B-25508FB615AC}.Release|Any CPU.Build.0 = Release|Any CPU
		{46EEBD03-E7D2-4958-A782-D22435CBC2BB}.Debug|Any CPU.ActiveCfg = Debug|Any CPU
		{46EEBD03-E7D2-4958-A782-D22435CBC2BB}.Debug|Any CPU.Build.0 = Debug|Any CPU
		{46EEBD03-E7D2-4958-A782-D22435CBC2BB}.Release|Any CPU.ActiveCfg = Release|Any CPU
		{46EEBD03-E7D2-4958-A782-D22435CBC2BB}.Release|Any CPU.Build.0 = Release|Any CPU
		{3E0EACF7-0D8A-40AC-8282-CC9AF2AF1E92}.Debug|Any CPU.ActiveCfg = Debug|Any CPU
		{3E0EACF7-0D8A-40AC-8282-CC9AF2AF1E92}.Debug|Any CPU.Build.0 = Debug|Any CPU
		{3E0EACF7-0D8A-40AC-8282-CC9AF2AF1E92}.Release|Any CPU.ActiveCfg = Release|Any CPU
		{3E0EACF7-0D8A-40AC-8282-CC9AF2AF1E92}.Release|Any CPU.Build.0 = Release|Any CPU
		{446E9E39-1C3B-4E56-AC30-22574BB0042C}.Debug|Any CPU.ActiveCfg = Debug|Any CPU
		{446E9E39-1C3B-4E56-AC30-22574BB0042C}.Debug|Any CPU.Build.0 = Debug|Any CPU
		{446E9E39-1C3B-4E56-AC30-22574BB0042C}.Release|Any CPU.ActiveCfg = Release|Any CPU
		{446E9E39-1C3B-4E56-AC30-22574BB0042C}.Release|Any CPU.Build.0 = Release|Any CPU
		{EDE07810-0A94-42F5-8F43-94A3AE788AB8}.Debug|Any CPU.ActiveCfg = Debug|Any CPU
		{EDE07810-0A94-42F5-8F43-94A3AE788AB8}.Debug|Any CPU.Build.0 = Debug|Any CPU
		{EDE07810-0A94-42F5-8F43-94A3AE788AB8}.Release|Any CPU.ActiveCfg = Release|Any CPU
		{EDE07810-0A94-42F5-8F43-94A3AE788AB8}.Release|Any CPU.Build.0 = Release|Any CPU
		{14C6B693-BD37-458D-8A26-42BF58A395F8}.Debug|Any CPU.ActiveCfg = Debug|Any CPU
		{14C6B693-BD37-458D-8A26-42BF58A395F8}.Debug|Any CPU.Build.0 = Debug|Any CPU
		{14C6B693-BD37-458D-8A26-42BF58A395F8}.Release|Any CPU.ActiveCfg = Release|Any CPU
		{14C6B693-BD37-458D-8A26-42BF58A395F8}.Release|Any CPU.Build.0 = Release|Any CPU
		{38DCA971-B781-4DB6-9E36-9F016A1BED45}.Debug|Any CPU.ActiveCfg = Debug|Any CPU
		{38DCA971-B781-4DB6-9E36-9F016A1BED45}.Debug|Any CPU.Build.0 = Debug|Any CPU
		{38DCA971-B781-4DB6-9E36-9F016A1BED45}.Release|Any CPU.ActiveCfg = Release|Any CPU
		{38DCA971-B781-4DB6-9E36-9F016A1BED45}.Release|Any CPU.Build.0 = Release|Any CPU
		{F91A0391-93C9-4542-BAFC-DBC694CA5FB5}.Debug|Any CPU.ActiveCfg = Debug|Any CPU
		{F91A0391-93C9-4542-BAFC-DBC694CA5FB5}.Debug|Any CPU.Build.0 = Debug|Any CPU
		{F91A0391-93C9-4542-BAFC-DBC694CA5FB5}.Release|Any CPU.ActiveCfg = Release|Any CPU
		{F91A0391-93C9-4542-BAFC-DBC694CA5FB5}.Release|Any CPU.Build.0 = Release|Any CPU
		{BA5E8BA4-6BE7-425F-A811-8B588B178CBA}.Debug|Any CPU.ActiveCfg = Debug|Any CPU
		{BA5E8BA4-6BE7-425F-A811-8B588B178CBA}.Debug|Any CPU.Build.0 = Debug|Any CPU
		{BA5E8BA4-6BE7-425F-A811-8B588B178CBA}.Release|Any CPU.ActiveCfg = Release|Any CPU
		{BA5E8BA4-6BE7-425F-A811-8B588B178CBA}.Release|Any CPU.Build.0 = Release|Any CPU
		{CBF24DFE-FE8F-49B0-908B-EE5E2C21DC7C}.Debug|Any CPU.ActiveCfg = Debug|Any CPU
		{CBF24DFE-FE8F-49B0-908B-EE5E2C21DC7C}.Debug|Any CPU.Build.0 = Debug|Any CPU
		{CBF24DFE-FE8F-49B0-908B-EE5E2C21DC7C}.Release|Any CPU.ActiveCfg = Release|Any CPU
		{CBF24DFE-FE8F-49B0-908B-EE5E2C21DC7C}.Release|Any CPU.Build.0 = Release|Any CPU
		{A02B6B9C-D37A-4C58-8F3D-79FC8749219A}.Debug|Any CPU.ActiveCfg = Debug|Any CPU
		{A02B6B9C-D37A-4C58-8F3D-79FC8749219A}.Debug|Any CPU.Build.0 = Debug|Any CPU
		{A02B6B9C-D37A-4C58-8F3D-79FC8749219A}.Release|Any CPU.ActiveCfg = Release|Any CPU
		{A02B6B9C-D37A-4C58-8F3D-79FC8749219A}.Release|Any CPU.Build.0 = Release|Any CPU
		{47C70E18-0485-4D0E-9074-1D3C78E543CD}.Debug|Any CPU.ActiveCfg = Debug|Any CPU
		{47C70E18-0485-4D0E-9074-1D3C78E543CD}.Debug|Any CPU.Build.0 = Debug|Any CPU
		{47C70E18-0485-4D0E-9074-1D3C78E543CD}.Release|Any CPU.ActiveCfg = Release|Any CPU
		{47C70E18-0485-4D0E-9074-1D3C78E543CD}.Release|Any CPU.Build.0 = Release|Any CPU
		{1AD439B8-C393-45CD-A68A-EF6153138E03}.Debug|Any CPU.ActiveCfg = Debug|Any CPU
		{1AD439B8-C393-45CD-A68A-EF6153138E03}.Debug|Any CPU.Build.0 = Debug|Any CPU
		{1AD439B8-C393-45CD-A68A-EF6153138E03}.Release|Any CPU.ActiveCfg = Release|Any CPU
		{1AD439B8-C393-45CD-A68A-EF6153138E03}.Release|Any CPU.Build.0 = Release|Any CPU
	EndGlobalSection
	GlobalSection(SolutionProperties) = preSolution
		HideSolutionNode = FALSE
	EndGlobalSection
EndGlobal
